// !$*UTF8*$!
{
	archiveVersion = 1;
	classes = {
	};
	objectVersion = 51;
	objects = {

/* Begin PBXBuildFile section */
		05BD61B72661F7920002495A /* AppDelegate.swift in Sources */ = {isa = PBXBuildFile; fileRef = 05BD61B62661F7920002495A /* AppDelegate.swift */; };
		05BD61B92661F7920002495A /* SceneDelegate.swift in Sources */ = {isa = PBXBuildFile; fileRef = 05BD61B82661F7920002495A /* SceneDelegate.swift */; };
		05BD61BB2661F7920002495A /* ViewController.swift in Sources */ = {isa = PBXBuildFile; fileRef = 05BD61BA2661F7920002495A /* ViewController.swift */; };
		05BD61BE2661F7920002495A /* Main.storyboard in Resources */ = {isa = PBXBuildFile; fileRef = 05BD61BC2661F7920002495A /* Main.storyboard */; };
		05BD61C02661F7940002495A /* Assets.xcassets in Resources */ = {isa = PBXBuildFile; fileRef = 05BD61BF2661F7940002495A /* Assets.xcassets */; };
		05BD61C32661F7940002495A /* LaunchScreen.storyboard in Resources */ = {isa = PBXBuildFile; fileRef = 05BD61C12661F7940002495A /* LaunchScreen.storyboard */; };
		05BD61CB26623C080002495A /* GoogleService-Info.plist in Resources */ = {isa = PBXBuildFile; fileRef = 05BD61CA26623C080002495A /* GoogleService-Info.plist */; };
		05BD61CE2662455D0002495A /* RecordViewController.swift in Sources */ = {isa = PBXBuildFile; fileRef = 05BD61CD2662455D0002495A /* RecordViewController.swift */; };
		05BD61D026624A060002495A /* TabViewController.swift in Sources */ = {isa = PBXBuildFile; fileRef = 05BD61CF26624A060002495A /* TabViewController.swift */; };
		05BD61D326624B2E0002495A /* GetDateModel.swift in Sources */ = {isa = PBXBuildFile; fileRef = 05BD61D226624B2E0002495A /* GetDateModel.swift */; };
		0B94E231C1FE8ACF3E062878 /* Pods_Swift6BMIApp0.framework in Frameworks */ = {isa = PBXBuildFile; fileRef = 92DCA64C095E0A8E82739787 /* Pods_Swift6BMIApp0.framework */; };
/* End PBXBuildFile section */

/* Begin PBXFileReference section */
		05BD61B32661F7920002495A /* Swift6BMIApp0.app */ = {isa = PBXFileReference; explicitFileType = wrapper.application; includeInIndex = 0; path = Swift6BMIApp0.app; sourceTree = BUILT_PRODUCTS_DIR; };
		05BD61B62661F7920002495A /* AppDelegate.swift */ = {isa = PBXFileReference; lastKnownFileType = sourcecode.swift; path = AppDelegate.swift; sourceTree = "<group>"; };
		05BD61B82661F7920002495A /* SceneDelegate.swift */ = {isa = PBXFileReference; lastKnownFileType = sourcecode.swift; path = SceneDelegate.swift; sourceTree = "<group>"; };
		05BD61BA2661F7920002495A /* ViewController.swift */ = {isa = PBXFileReference; lastKnownFileType = sourcecode.swift; path = ViewController.swift; sourceTree = "<group>"; };
		05BD61BD2661F7920002495A /* Base */ = {isa = PBXFileReference; lastKnownFileType = file.storyboard; name = Base; path = Base.lproj/Main.storyboard; sourceTree = "<group>"; };
		05BD61BF2661F7940002495A /* Assets.xcassets */ = {isa = PBXFileReference; lastKnownFileType = folder.assetcatalog; path = Assets.xcassets; sourceTree = "<group>"; };
		05BD61C22661F7940002495A /* Base */ = {isa = PBXFileReference; lastKnownFileType = file.storyboard; name = Base; path = Base.lproj/LaunchScreen.storyboard; sourceTree = "<group>"; };
		05BD61C42661F7940002495A /* Info.plist */ = {isa = PBXFileReference; lastKnownFileType = text.plist.xml; path = Info.plist; sourceTree = "<group>"; };
		05BD61CA26623C080002495A /* GoogleService-Info.plist */ = {isa = PBXFileReference; fileEncoding = 4; lastKnownFileType = text.plist.xml; path = "GoogleService-Info.plist"; sourceTree = "<group>"; };
		05BD61CD2662455D0002495A /* RecordViewController.swift */ = {isa = PBXFileReference; lastKnownFileType = sourcecode.swift; path = RecordViewController.swift; sourceTree = "<group>"; };
		05BD61CF26624A060002495A /* TabViewController.swift */ = {isa = PBXFileReference; lastKnownFileType = sourcecode.swift; path = TabViewController.swift; sourceTree = "<group>"; };
		05BD61D226624B2E0002495A /* GetDateModel.swift */ = {isa = PBXFileReference; lastKnownFileType = sourcecode.swift; path = GetDateModel.swift; sourceTree = "<group>"; };
		2A6CCA9B25921FA3E826E22F /* Pods-Swift6BMIApp0.release.xcconfig */ = {isa = PBXFileReference; includeInIndex = 1; lastKnownFileType = text.xcconfig; name = "Pods-Swift6BMIApp0.release.xcconfig"; path = "Target Support Files/Pods-Swift6BMIApp0/Pods-Swift6BMIApp0.release.xcconfig"; sourceTree = "<group>"; };
		39D855B2FFA7C88761BC42AA /* Pods-Swift6BMIApp0.debug.xcconfig */ = {isa = PBXFileReference; includeInIndex = 1; lastKnownFileType = text.xcconfig; name = "Pods-Swift6BMIApp0.debug.xcconfig"; path = "Target Support Files/Pods-Swift6BMIApp0/Pods-Swift6BMIApp0.debug.xcconfig"; sourceTree = "<group>"; };
		92DCA64C095E0A8E82739787 /* Pods_Swift6BMIApp0.framework */ = {isa = PBXFileReference; explicitFileType = wrapper.framework; includeInIndex = 0; path = Pods_Swift6BMIApp0.framework; sourceTree = BUILT_PRODUCTS_DIR; };
/* End PBXFileReference section */

/* Begin PBXFrameworksBuildPhase section */
		05BD61B02661F7920002495A /* Frameworks */ = {
			isa = PBXFrameworksBuildPhase;
			buildActionMask = 2147483647;
			files = (
				0B94E231C1FE8ACF3E062878 /* Pods_Swift6BMIApp0.framework in Frameworks */,
			);
			runOnlyForDeploymentPostprocessing = 0;
		};
/* End PBXFrameworksBuildPhase section */

/* Begin PBXGroup section */
		05BD61AA2661F7920002495A = {
			isa = PBXGroup;
			children = (
				05BD61B52661F7920002495A /* Swift6BMIApp0 */,
				05BD61B42661F7920002495A /* Products */,
				F556888F14039F6341AA453C /* Pods */,
				8DA63DEA1F4878FE1234B7B9 /* Frameworks */,
			);
			sourceTree = "<group>";
		};
		05BD61B42661F7920002495A /* Products */ = {
			isa = PBXGroup;
			children = (
				05BD61B32661F7920002495A /* Swift6BMIApp0.app */,
			);
			name = Products;
			sourceTree = "<group>";
		};
		05BD61B52661F7920002495A /* Swift6BMIApp0 */ = {
			isa = PBXGroup;
			children = (
				05BD61B62661F7920002495A /* AppDelegate.swift */,
				05BD61B82661F7920002495A /* SceneDelegate.swift */,
				05BD61D126624B0F0002495A /* Model */,
				05BD61CC266244E90002495A /* Controller */,
				05BD61BC2661F7920002495A /* Main.storyboard */,
				05BD61BF2661F7940002495A /* Assets.xcassets */,
				05BD61C12661F7940002495A /* LaunchScreen.storyboard */,
				05BD61CA26623C080002495A /* GoogleService-Info.plist */,
				05BD61C42661F7940002495A /* Info.plist */,
			);
			path = Swift6BMIApp0;
			sourceTree = "<group>";
		};
		05BD61CC266244E90002495A /* Controller */ = {
			isa = PBXGroup;
			children = (
				05BD61BA2661F7920002495A /* ViewController.swift */,
				05BD61CD2662455D0002495A /* RecordViewController.swift */,
				05BD61CF26624A060002495A /* TabViewController.swift */,
			);
			path = Controller;
			sourceTree = "<group>";
		};
		05BD61D126624B0F0002495A /* Model */ = {
			isa = PBXGroup;
			children = (
				05BD61D226624B2E0002495A /* GetDateModel.swift */,
			);
			path = Model;
			sourceTree = "<group>";
		};
		8DA63DEA1F4878FE1234B7B9 /* Frameworks */ = {
			isa = PBXGroup;
			children = (
				92DCA64C095E0A8E82739787 /* Pods_Swift6BMIApp0.framework */,
			);
			name = Frameworks;
			sourceTree = "<group>";
		};
		F556888F14039F6341AA453C /* Pods */ = {
			isa = PBXGroup;
			children = (
				39D855B2FFA7C88761BC42AA /* Pods-Swift6BMIApp0.debug.xcconfig */,
				2A6CCA9B25921FA3E826E22F /* Pods-Swift6BMIApp0.release.xcconfig */,
			);
			path = Pods;
			sourceTree = "<group>";
		};
/* End PBXGroup section */

/* Begin PBXNativeTarget section */
		05BD61B22661F7920002495A /* Swift6BMIApp0 */ = {
			isa = PBXNativeTarget;
			buildConfigurationList = 05BD61C72661F7940002495A /* Build configuration list for PBXNativeTarget "Swift6BMIApp0" */;
			buildPhases = (
				9B046A839E12DDDF92ADC2AB /* [CP] Check Pods Manifest.lock */,
				05BD61AF2661F7920002495A /* Sources */,
				05BD61B02661F7920002495A /* Frameworks */,
				05BD61B12661F7920002495A /* Resources */,
				4666DB65504061455D15AC28 /* [CP] Embed Pods Frameworks */,
			);
			buildRules = (
			);
			dependencies = (
			);
			name = Swift6BMIApp0;
			productName = Swift6BMIApp0;
			productReference = 05BD61B32661F7920002495A /* Swift6BMIApp0.app */;
			productType = "com.apple.product-type.application";
		};
/* End PBXNativeTarget section */

/* Begin PBXProject section */
		05BD61AB2661F7920002495A /* Project object */ = {
			isa = PBXProject;
			attributes = {
				LastSwiftUpdateCheck = 1250;
				LastUpgradeCheck = 1250;
				TargetAttributes = {
					05BD61B22661F7920002495A = {
						CreatedOnToolsVersion = 12.5;
					};
				};
			};
			buildConfigurationList = 05BD61AE2661F7920002495A /* Build configuration list for PBXProject "Swift6BMIApp0" */;
			compatibilityVersion = "Xcode 9.3";
			developmentRegion = en;
			hasScannedForEncodings = 0;
			knownRegions = (
				en,
				Base,
			);
			mainGroup = 05BD61AA2661F7920002495A;
			productRefGroup = 05BD61B42661F7920002495A /* Products */;
			projectDirPath = "";
			projectRoot = "";
			targets = (
				05BD61B22661F7920002495A /* Swift6BMIApp0 */,
			);
		};
/* End PBXProject section */

/* Begin PBXResourcesBuildPhase section */
		05BD61B12661F7920002495A /* Resources */ = {
			isa = PBXResourcesBuildPhase;
			buildActionMask = 2147483647;
			files = (
				05BD61CB26623C080002495A /* GoogleService-Info.plist in Resources */,
				05BD61C32661F7940002495A /* LaunchScreen.storyboard in Resources */,
				05BD61C02661F7940002495A /* Assets.xcassets in Resources */,
				05BD61BE2661F7920002495A /* Main.storyboard in Resources */,
			);
			runOnlyForDeploymentPostprocessing = 0;
		};
/* End PBXResourcesBuildPhase section */

/* Begin PBXShellScriptBuildPhase section */
		4666DB65504061455D15AC28 /* [CP] Embed Pods Frameworks */ = {
			isa = PBXShellScriptBuildPhase;
			buildActionMask = 2147483647;
			files = (
			);
			inputFileListPaths = (
				"${PODS_ROOT}/Target Support Files/Pods-Swift6BMIApp0/Pods-Swift6BMIApp0-frameworks-${CONFIGURATION}-input-files.xcfilelist",
			);
			name = "[CP] Embed Pods Frameworks";
			outputFileListPaths = (
				"${PODS_ROOT}/Target Support Files/Pods-Swift6BMIApp0/Pods-Swift6BMIApp0-frameworks-${CONFIGURATION}-output-files.xcfilelist",
			);
			runOnlyForDeploymentPostprocessing = 0;
			shellPath = /bin/sh;
			shellScript = "\"${PODS_ROOT}/Target Support Files/Pods-Swift6BMIApp0/Pods-Swift6BMIApp0-frameworks.sh\"\n";
			showEnvVarsInLog = 0;
		};
		9B046A839E12DDDF92ADC2AB /* [CP] Check Pods Manifest.lock */ = {
			isa = PBXShellScriptBuildPhase;
			buildActionMask = 2147483647;
			files = (
			);
			inputFileListPaths = (
			);
			inputPaths = (
				"${PODS_PODFILE_DIR_PATH}/Podfile.lock",
				"${PODS_ROOT}/Manifest.lock",
			);
			name = "[CP] Check Pods Manifest.lock";
			outputFileListPaths = (
			);
			outputPaths = (
				"$(DERIVED_FILE_DIR)/Pods-Swift6BMIApp0-checkManifestLockResult.txt",
			);
			runOnlyForDeploymentPostprocessing = 0;
			shellPath = /bin/sh;
			shellScript = "diff \"${PODS_PODFILE_DIR_PATH}/Podfile.lock\" \"${PODS_ROOT}/Manifest.lock\" > /dev/null\nif [ $? != 0 ] ; then\n    # print error to STDERR\n    echo \"error: The sandbox is not in sync with the Podfile.lock. Run 'pod install' or update your CocoaPods installation.\" >&2\n    exit 1\nfi\n# This output is used by Xcode 'outputs' to avoid re-running this script phase.\necho \"SUCCESS\" > \"${SCRIPT_OUTPUT_FILE_0}\"\n";
			showEnvVarsInLog = 0;
		};
/* End PBXShellScriptBuildPhase section */

/* Begin PBXSourcesBuildPhase section */
		05BD61AF2661F7920002495A /* Sources */ = {
			isa = PBXSourcesBuildPhase;
			buildActionMask = 2147483647;
			files = (
				05BD61BB2661F7920002495A /* ViewController.swift in Sources */,
				05BD61B72661F7920002495A /* AppDelegate.swift in Sources */,
				05BD61B92661F7920002495A /* SceneDelegate.swift in Sources */,
				05BD61D026624A060002495A /* TabViewController.swift in Sources */,
				05BD61D326624B2E0002495A /* GetDateModel.swift in Sources */,
				05BD61CE2662455D0002495A /* RecordViewController.swift in Sources */,
			);
			runOnlyForDeploymentPostprocessing = 0;
		};
/* End PBXSourcesBuildPhase section */

/* Begin PBXVariantGroup section */
		05BD61BC2661F7920002495A /* Main.storyboard */ = {
			isa = PBXVariantGroup;
			children = (
				05BD61BD2661F7920002495A /* Base */,
			);
			name = Main.storyboard;
			sourceTree = "<group>";
		};
		05BD61C12661F7940002495A /* LaunchScreen.storyboard */ = {
			isa = PBXVariantGroup;
			children = (
				05BD61C22661F7940002495A /* Base */,
			);
			name = LaunchScreen.storyboard;
			sourceTree = "<group>";
		};
/* End PBXVariantGroup section */

/* Begin XCBuildConfiguration section */
		05BD61C52661F7940002495A /* Debug */ = {
			isa = XCBuildConfiguration;
			buildSettings = {
				ALWAYS_SEARCH_USER_PATHS = NO;
				CLANG_ANALYZER_NONNULL = YES;
				CLANG_ANALYZER_NUMBER_OBJECT_CONVERSION = YES_AGGRESSIVE;
				CLANG_CXX_LANGUAGE_STANDARD = "gnu++14";
				CLANG_CXX_LIBRARY = "libc++";
				CLANG_ENABLE_MODULES = YES;
				CLANG_ENABLE_OBJC_ARC = YES;
				CLANG_ENABLE_OBJC_WEAK = YES;
				CLANG_WARN_BLOCK_CAPTURE_AUTORELEASING = YES;
				CLANG_WARN_BOOL_CONVERSION = YES;
				CLANG_WARN_COMMA = YES;
				CLANG_WARN_CONSTANT_CONVERSION = YES;
				CLANG_WARN_DEPRECATED_OBJC_IMPLEMENTATIONS = YES;
				CLANG_WARN_DIRECT_OBJC_ISA_USAGE = YES_ERROR;
				CLANG_WARN_DOCUMENTATION_COMMENTS = YES;
				CLANG_WARN_EMPTY_BODY = YES;
				CLANG_WARN_ENUM_CONVERSION = YES;
				CLANG_WARN_INFINITE_RECURSION = YES;
				CLANG_WARN_INT_CONVERSION = YES;
				CLANG_WARN_NON_LITERAL_NULL_CONVERSION = YES;
				CLANG_WARN_OBJC_IMPLICIT_RETAIN_SELF = YES;
				CLANG_WARN_OBJC_LITERAL_CONVERSION = YES;
				CLANG_WARN_OBJC_ROOT_CLASS = YES_ERROR;
				CLANG_WARN_QUOTED_INCLUDE_IN_FRAMEWORK_HEADER = YES;
				CLANG_WARN_RANGE_LOOP_ANALYSIS = YES;
				CLANG_WARN_STRICT_PROTOTYPES = YES;
				CLANG_WARN_SUSPICIOUS_MOVE = YES;
				CLANG_WARN_UNGUARDED_AVAILABILITY = YES_AGGRESSIVE;
				CLANG_WARN_UNREACHABLE_CODE = YES;
				CLANG_WARN__DUPLICATE_METHOD_MATCH = YES;
				COPY_PHASE_STRIP = NO;
				DEBUG_INFORMATION_FORMAT = dwarf;
				ENABLE_STRICT_OBJC_MSGSEND = YES;
				ENABLE_TESTABILITY = YES;
				GCC_C_LANGUAGE_STANDARD = gnu11;
				GCC_DYNAMIC_NO_PIC = NO;
				GCC_NO_COMMON_BLOCKS = YES;
				GCC_OPTIMIZATION_LEVEL = 0;
				GCC_PREPROCESSOR_DEFINITIONS = (
					"DEBUG=1",
					"$(inherited)",
				);
				GCC_WARN_64_TO_32_BIT_CONVERSION = YES;
				GCC_WARN_ABOUT_RETURN_TYPE = YES_ERROR;
				GCC_WARN_UNDECLARED_SELECTOR = YES;
				GCC_WARN_UNINITIALIZED_AUTOS = YES_AGGRESSIVE;
				GCC_WARN_UNUSED_FUNCTION = YES;
				GCC_WARN_UNUSED_VARIABLE = YES;
				IPHONEOS_DEPLOYMENT_TARGET = 14.5;
				MTL_ENABLE_DEBUG_INFO = INCLUDE_SOURCE;
				MTL_FAST_MATH = YES;
				ONLY_ACTIVE_ARCH = YES;
				SDKROOT = iphoneos;
				SWIFT_ACTIVE_COMPILATION_CONDITIONS = DEBUG;
				SWIFT_OPTIMIZATION_LEVEL = "-Onone";
			};
			name = Debug;
		};
		05BD61C62661F7940002495A /* Release */ = {
			isa = XCBuildConfiguration;
			buildSettings = {
				ALWAYS_SEARCH_USER_PATHS = NO;
				CLANG_ANALYZER_NONNULL = YES;
				CLANG_ANALYZER_NUMBER_OBJECT_CONVERSION = YES_AGGRESSIVE;
				CLANG_CXX_LANGUAGE_STANDARD = "gnu++14";
				CLANG_CXX_LIBRARY = "libc++";
				CLANG_ENABLE_MODULES = YES;
				CLANG_ENABLE_OBJC_ARC = YES;
				CLANG_ENABLE_OBJC_WEAK = YES;
				CLANG_WARN_BLOCK_CAPTURE_AUTORELEASING = YES;
				CLANG_WARN_BOOL_CONVERSION = YES;
				CLANG_WARN_COMMA = YES;
				CLANG_WARN_CONSTANT_CONVERSION = YES;
				CLANG_WARN_DEPRECATED_OBJC_IMPLEMENTATIONS = YES;
				CLANG_WARN_DIRECT_OBJC_ISA_USAGE = YES_ERROR;
				CLANG_WARN_DOCUMENTATION_COMMENTS = YES;
				CLANG_WARN_EMPTY_BODY = YES;
				CLANG_WARN_ENUM_CONVERSION = YES;
				CLANG_WARN_INFINITE_RECURSION = YES;
				CLANG_WARN_INT_CONVERSION = YES;
				CLANG_WARN_NON_LITERAL_NULL_CONVERSION = YES;
				CLANG_WARN_OBJC_IMPLICIT_RETAIN_SELF = YES;
				CLANG_WARN_OBJC_LITERAL_CONVERSION = YES;
				CLANG_WARN_OBJC_ROOT_CLASS = YES_ERROR;
				CLANG_WARN_QUOTED_INCLUDE_IN_FRAMEWORK_HEADER = YES;
				CLANG_WARN_RANGE_LOOP_ANALYSIS = YES;
				CLANG_WARN_STRICT_PROTOTYPES = YES;
				CLANG_WARN_SUSPICIOUS_MOVE = YES;
				CLANG_WARN_UNGUARDED_AVAILABILITY = YES_AGGRESSIVE;
				CLANG_WARN_UNREACHABLE_CODE = YES;
				CLANG_WARN__DUPLICATE_METHOD_MATCH = YES;
				COPY_PHASE_STRIP = NO;
				DEBUG_INFORMATION_FORMAT = "dwarf-with-dsym";
				ENABLE_NS_ASSERTIONS = NO;
				ENABLE_STRICT_OBJC_MSGSEND = YES;
				GCC_C_LANGUAGE_STANDARD = gnu11;
				GCC_NO_COMMON_BLOCKS = YES;
				GCC_WARN_64_TO_32_BIT_CONVERSION = YES;
				GCC_WARN_ABOUT_RETURN_TYPE = YES_ERROR;
				GCC_WARN_UNDECLARED_SELECTOR = YES;
				GCC_WARN_UNINITIALIZED_AUTOS = YES_AGGRESSIVE;
				GCC_WARN_UNUSED_FUNCTION = YES;
				GCC_WARN_UNUSED_VARIABLE = YES;
				IPHONEOS_DEPLOYMENT_TARGET = 14.5;
				MTL_ENABLE_DEBUG_INFO = NO;
				MTL_FAST_MATH = YES;
				SDKROOT = iphoneos;
				SWIFT_COMPILATION_MODE = wholemodule;
				SWIFT_OPTIMIZATION_LEVEL = "-O";
				VALIDATE_PRODUCT = YES;
			};
			name = Release;
		};
		05BD61C82661F7940002495A /* Debug */ = {
			isa = XCBuildConfiguration;
			baseConfigurationReference = 39D855B2FFA7C88761BC42AA /* Pods-Swift6BMIApp0.debug.xcconfig */;
			buildSettings = {
				ASSETCATALOG_COMPILER_APPICON_NAME = AppIcon;
				ASSETCATALOG_COMPILER_GLOBAL_ACCENT_COLOR_NAME = AccentColor;
				CODE_SIGN_STYLE = Automatic;
				INFOPLIST_FILE = Swift6BMIApp0/Info.plist;
				LD_RUNPATH_SEARCH_PATHS = (
					"$(inherited)",
					"@executable_path/Frameworks",
				);
				PRODUCT_BUNDLE_IDENTIFIER = com.Noneudemy.Swift6BMIApp0;
				PRODUCT_NAME = "$(TARGET_NAME)";
				SWIFT_VERSION = 5.0;
				TARGETED_DEVICE_FAMILY = 1;
			};
			name = Debug;
		};
		05BD61C92661F7940002495A /* Release */ = {
			isa = XCBuildConfiguration;
			baseConfigurationReference = 2A6CCA9B25921FA3E826E22F /* Pods-Swift6BMIApp0.release.xcconfig */;
			buildSettings = {
				ASSETCATALOG_COMPILER_APPICON_NAME = AppIcon;
				ASSETCATALOG_COMPILER_GLOBAL_ACCENT_COLOR_NAME = AccentColor;
				CODE_SIGN_STYLE = Automatic;
				INFOPLIST_FILE = Swift6BMIApp0/Info.plist;
				LD_RUNPATH_SEARCH_PATHS = (
					"$(inherited)",
					"@executable_path/Frameworks",
				);
				PRODUCT_BUNDLE_IDENTIFIER = com.Noneudemy.Swift6BMIApp0;
				PRODUCT_NAME = "$(TARGET_NAME)";
				SWIFT_VERSION = 5.0;
				TARGETED_DEVICE_FAMILY = 1;
			};
			name = Release;
		};
/* End XCBuildConfiguration section */

/* Begin XCConfigurationList section */
		05BD61AE2661F7920002495A /* Build configuration list for PBXProject "Swift6BMIApp0" */ = {
			isa = XCConfigurationList;
			buildConfigurations = (
				05BD61C52661F7940002495A /* Debug */,
				05BD61C62661F7940002495A /* Release */,
			);
			defaultConfigurationIsVisible = 0;
			defaultConfigurationName = Release;
		};
		05BD61C72661F7940002495A /* Build configuration list for PBXNativeTarget "Swift6BMIApp0" */ = {
			isa = XCConfigurationList;
			buildConfigurations = (
				05BD61C82661F7940002495A /* Debug */,
				05BD61C92661F7940002495A /* Release */,
			);
			defaultConfigurationIsVisible = 0;
			defaultConfigurationName = Release;
		};
/* End XCConfigurationList section */
	};
	rootObject = 05BD61AB2661F7920002495A /* Project object */;
}
